
Microsoft Visual Studio Solution File, Format Version 12.00
# Visual Studio Version 16
VisualStudioVersion = 16.0.28729.10
MinimumVisualStudioVersion = 10.0.40219.1
Project("{FAE04EC0-301F-11D3-BF4B-00C04F79EFBC}") = "Labs_02_hello_world", "Labs_01_hello_world\Labs_02_hello_world.csproj", "{2088B11E-7124-431F-8FBC-C2E7B525F1D3}"
EndProject
Project("{FAE04EC0-301F-11D3-BF4B-00C04F79EFBC}") = "Labs_01_fizzbuzz", "Labs_01_fizzbuzz\Labs_01_fizzbuzz.csproj", "{E7DD25F5-7C0A-4C04-8CA6-3DE2006E621A}"
EndProject
Project("{FAE04EC0-301F-11D3-BF4B-00C04F79EFBC}") = "Labs_04_dll", "Labs_04_dll\Labs_04_dll.csproj", "{BC05BCDE-AF6C-427A-9F69-BD6544B92070}"
EndProject
Project("{FAE04EC0-301F-11D3-BF4B-00C04F79EFBC}") = "Labs_05_use_dll", "Labs_04_use_dll\Labs_05_use_dll.csproj", "{383E53BC-0E34-417B-90F2-7D9680937897}"
EndProject
Project("{FAE04EC0-301F-11D3-BF4B-00C04F79EFBC}") = "Labs_06_namespace", "Labs_06_namespace\Labs_06_namespace.csproj", "{8A57D15B-10C3-4B99-B847-53A810B23DC0}"
EndProject
Project("{FAE04EC0-301F-11D3-BF4B-00C04F79EFBC}") = "Labs_07_winforms", "Lab_07_winforms\Labs_07_winforms.csproj", "{E489DF3D-92C1-49B5-B7BD-F14886D19027}"
EndProject
Project("{FAE04EC0-301F-11D3-BF4B-00C04F79EFBC}") = "Labs_08_loops", "Labs_08_loops\Labs_08_loops.csproj", "{C3D008CA-1D7B-4CEA-A7A8-BB3D6BF34E41}"
EndProject
Project("{FAE04EC0-301F-11D3-BF4B-00C04F79EFBC}") = "Labs_09_operators", "Labs_09_operators\Labs_09_operators.csproj", "{B9269530-26F3-4A23-9245-CDAB1CE407BE}"
EndProject
Project("{FAE04EC0-301F-11D3-BF4B-00C04F79EFBC}") = "Labs_10_bodmas", "Labs_10_bodmas\Labs_10_bodmas.csproj", "{86409F66-9742-41CA-A948-EDBFDE1BE3DB}"
EndProject
Project("{FAE04EC0-301F-11D3-BF4B-00C04F79EFBC}") = "Labs_11_data_types", "Labs_11_data_types\Labs_11_data_types.csproj", "{85C5A06D-A77A-4607-9E10-E129D5CAC6A7}"
EndProject
Project("{FAE04EC0-301F-11D3-BF4B-00C04F79EFBC}") = "TEST", "TEST\TEST.csproj", "{5FB338C0-2913-4994-9DC8-C84A7E04AA42}"
EndProject
Project("{FAE04EC0-301F-11D3-BF4B-00C04F79EFBC}") = "Labs_12_Review", "Labs_12_Review\Labs_12_Review.csproj", "{19040434-C258-4EFA-B0CB-6A05613229CB}"
EndProject
Project("{FAE04EC0-301F-11D3-BF4B-00C04F79EFBC}") = "Labs_13_Debugging", "Labs_13_Debugging\Labs_13_Debugging.csproj", "{0732F408-8E8F-4812-B1E2-AF6B8DBBE432}"
EndProject
Project("{FAE04EC0-301F-11D3-BF4B-00C04F79EFBC}") = "Labs_14_WPF_Demo", "Labs_14_WPF_Demo\Labs_14_WPF_Demo.csproj", "{0C5FCAF5-9516-409F-8BDE-5BEEDF35A18D}"
EndProject
Project("{FAE04EC0-301F-11D3-BF4B-00C04F79EFBC}") = "Labs_15_rounding_error", "Labs_15_rounding_error\Labs_15_rounding_error.csproj", "{8C5999D8-7854-40AE-9F05-3EF8F7051F8E}"
EndProject
Project("{FAE04EC0-301F-11D3-BF4B-00C04F79EFBC}") = "Labs_16_null", "Labs_16_null\Labs_16_null.csproj", "{1E25AD39-CE94-41AB-A93C-005DBF43065C}"
EndProject
Project("{FAE04EC0-301F-11D3-BF4B-00C04F79EFBC}") = "Labs_17_datetime", "Labs_17_datetime\Labs_17_datetime.csproj", "{7258D032-8100-4AA8-B7ED-DB484391927C}"
EndProject
Project("{FAE04EC0-301F-11D3-BF4B-00C04F79EFBC}") = "Labs_18_bytes", "Labs_18_bytes\Labs_18_bytes.csproj", "{077FD80D-4CD9-4AA5-A504-1835DED84CF5}"
EndProject
Project("{FAE04EC0-301F-11D3-BF4B-00C04F79EFBC}") = "Labs_19_casting", "Labs_19_casting\Labs_19_casting.csproj", "{0497C018-B59F-4A4C-B887-E51ABBF96925}"
EndProject
Project("{FAE04EC0-301F-11D3-BF4B-00C04F79EFBC}") = "Labs_20_truthtables", "Labs_20_truthtables\Labs_20_truthtables.csproj", "{06159A7B-3768-40D2-968F-C6A79DDA649F}"
EndProject
Project("{FAE04EC0-301F-11D3-BF4B-00C04F79EFBC}") = "Labs_TESTER", "Labs_TESTER\Labs_TESTER.csproj", "{49437538-AF10-4589-B010-10C36D0BE320}"
EndProject
Project("{FAE04EC0-301F-11D3-BF4B-00C04F79EFBC}") = "Labs_21_review", "Labs_21_review\Labs_21_review.csproj", "{E4B35495-0285-434E-BC12-A272729398B0}"
EndProject
Project("{FAE04EC0-301F-11D3-BF4B-00C04F79EFBC}") = "Labs_22_classes", "Labs_22_classes\Labs_22_classes.csproj", "{A8E844EC-84EF-4B87-B069-C1E4C8BF0894}"
EndProject
Project("{FAE04EC0-301F-11D3-BF4B-00C04F79EFBC}") = "Labs_23_classes", "Labs_23_classes\Labs_23_classes.csproj", "{A07EFFF4-FFE2-4181-9473-156DD2A78370}"
EndProject
Project("{FAE04EC0-301F-11D3-BF4B-00C04F79EFBC}") = "Labs_24_Inheritance", "Labs_24_Inheritance\Labs_24_Inheritance.csproj", "{9A6CB623-42A6-4FCE-A663-DC5EF5A2F8EC}"
EndProject
Project("{FAE04EC0-301F-11D3-BF4B-00C04F79EFBC}") = "Labs_25_Methods", "Labs_25_Methods\Labs_25_Methods.csproj", "{3B4BA9E2-3106-466E-9AE5-184A1985AAAB}"
EndProject
Project("{FAE04EC0-301F-11D3-BF4B-00C04F79EFBC}") = "Labs_26_Methods2", "Labs_26_Methods2\Labs_26_Methods2.csproj", "{E49E01C7-3B11-41DE-9F19-16538D72157D}"
EndProject
Project("{FAE04EC0-301F-11D3-BF4B-00C04F79EFBC}") = "Labs_27_class_methods", "Labs_27_class_methods\Labs_27_class_methods.csproj", "{BA6DE547-6F95-4185-8D58-9AABF71F2389}"
EndProject
Project("{FAE04EC0-301F-11D3-BF4B-00C04F79EFBC}") = "Labs_28_if_else", "Labs_28_if_else\Labs_28_if_else.csproj", "{5F35127F-49A9-42F1-A858-482EC3C23D27}"
EndProject
Project("{FAE04EC0-301F-11D3-BF4B-00C04F79EFBC}") = "Labs_29_Loop_snail", "Labs_29_Loop_snail\Labs_29_Loop_snail.csproj", "{A9BE0E2E-0770-4158-82F4-BA1ACF9A5C50}"
EndProject
Project("{FAE04EC0-301F-11D3-BF4B-00C04F79EFBC}") = "Labs_30_loops_challenge", "Labs_30_loops_challenge\Labs_30_loops_challenge.csproj", "{40C0ECDA-10CE-4215-A5E5-E5DA5D9336CD}"
EndProject
Project("{FAE04EC0-301F-11D3-BF4B-00C04F79EFBC}") = "Labs_30_Loops_Challenge_step 4", "Labs_30_Loops_Challenge_step 4\Labs_30_Loops_Challenge_step 4.csproj", "{6C0D9FE3-5B35-4F36-96BA-D5E16D830F12}"
EndProject
Project("{FAE04EC0-301F-11D3-BF4B-00C04F79EFBC}") = "Labs_31_strings_char_looks_challenge", "Labs_31_strings_char_looks_challenge\Labs_31_strings_char_looks_challenge.csproj", "{6867CF05-F5BF-4710-A674-2A421B85794E}"
EndProject
Project("{FAE04EC0-301F-11D3-BF4B-00C04F79EFBC}") = "Labs_32_bodmas_bidmas_challenge", "Labs_32_bodmas_bidmas_challenge\Labs_32_bodmas_bidmas_challenge.csproj", "{EBE6ED05-6D79-450B-86A8-9F08F5892792}"
EndProject
Project("{FAE04EC0-301F-11D3-BF4B-00C04F79EFBC}") = "Labs_33_Review", "Labs_33_Review\Labs_33_Review.csproj", "{08855330-735F-46C1-BBB3-C4CFB56633BE}"
EndProject
Project("{FAE04EC0-301F-11D3-BF4B-00C04F79EFBC}") = "Labs_101_Constructor", "Labs_101_Constructor\Labs_101_Constructor.csproj", "{ED49E9AB-1910-4C85-A5C8-0688F3CB2352}"
EndProject
Project("{FAE04EC0-301F-11D3-BF4B-00C04F79EFBC}") = "Labs_42_TestME", "Labs_42_TestME\Labs_42_TestME.csproj", "{1CAA8C62-D9ED-4A97-91A8-9C5E1097CF3B}"
EndProject
Project("{FAE04EC0-301F-11D3-BF4B-00C04F79EFBC}") = "Tests_Microsoft", "Tests_Microsoft\Tests_Microsoft.csproj", "{FB39077A-2A75-43AC-BEC4-1DEEC53EE3C3}"
EndProject
Project("{9A19103F-16F7-4668-BE54-9A1E7A4F7556}") = "Tests_Nunit", "Tests_Nunit\Tests_Nunit.csproj", "{6EFC9B94-228C-4C1F-B2F1-8347ECE138F0}"
EndProject
Project("{FAE04EC0-301F-11D3-BF4B-00C04F79EFBC}") = "Labs_43_Entity", "Labs_43_Entity\Labs_43_Entity.csproj", "{FF0B9414-2F77-4AC0-B621-AC19E264163A}"
EndProject
Project("{FAE04EC0-301F-11D3-BF4B-00C04F79EFBC}") = "Labs_44_entity", "Labs_44_entity\Labs_44_entity.csproj", "{FC502FC2-04BC-4FC3-9AFD-E6FECEB9CC85}"
EndProject
Project("{FAE04EC0-301F-11D3-BF4B-00C04F79EFBC}") = "labs_45_file_operations", "labs_45_file_operations\labs_45_file_operations.csproj", "{F84919A2-75F5-4181-9273-7715C7EE028C}"
EndProject
Project("{FAE04EC0-301F-11D3-BF4B-00C04F79EFBC}") = "Labs_46_file_operator_test", "Labs_46_file_operator_test\Labs_46_file_operator_test.csproj", "{7582D0A2-E71B-4D88-AB5D-ED95CC89C7C7}"
EndProject
Project("{FAE04EC0-301F-11D3-BF4B-00C04F79EFBC}") = "Labs_46_dictionary", "Labs_46_dictionary\Labs_46_dictionary.csproj", "{AFA28FA0-B75D-464B-93CE-10974D841423}"
EndProject
Project("{FAE04EC0-301F-11D3-BF4B-00C04F79EFBC}") = "Labs101_homework", "Labs101_homework\Labs101_homework.csproj", "{F099B32A-5B81-4514-9006-6FF7CDC43628}"
EndProject
Project("{FAE04EC0-301F-11D3-BF4B-00C04F79EFBC}") = "static_method_classes", "static_method_classes\static_method_classes.csproj", "{DABABBFD-41D4-4936-A670-F7F7407D9648}"
EndProject
Project("{FAE04EC0-301F-11D3-BF4B-00C04F79EFBC}") = "Labs_47_break_and_continue", "Labs_47_break_and_continue\Labs_47_break_and_continue.csproj", "{8DE6200F-0796-409F-A2E5-B86572557709}"
EndProject
Project("{FAE04EC0-301F-11D3-BF4B-00C04F79EFBC}") = "Labs_48_return", "Labs_48_return\Labs_48_return.csproj", "{1AE43716-ED14-41CC-A1BB-FA0D4832B8D6}"
EndProject
Project("{FAE04EC0-301F-11D3-BF4B-00C04F79EFBC}") = "Labs_49_Throw", "Labs_49_Throw\Labs_49_Throw.csproj", "{BDAEFD21-44B8-4FB4-ABC3-E132366AC6BC}"
EndProject
Project("{FAE04EC0-301F-11D3-BF4B-00C04F79EFBC}") = "Labs_50_Exceptions", "Labs_50_Exceptions\Labs_50_Exceptions.csproj", "{F540CDF4-6038-4202-B4AE-D8388FC9193F}"
EndProject
Project("{FAE04EC0-301F-11D3-BF4B-00C04F79EFBC}") = "Labs_51_Throw", "Labs_51_Throw\Labs_51_Throw.csproj", "{33B3CABB-CCD3-4677-BE02-EAD0527986DB}"
EndProject
Project("{FAE04EC0-301F-11D3-BF4B-00C04F79EFBC}") = "Labs_52_WPF_grid", "Labs_52_WPF_grid\Labs_52_WPF_grid.csproj", "{48D486EA-1374-4019-A60D-8F4575281F08}"
EndProject
Project("{FAE04EC0-301F-11D3-BF4B-00C04F79EFBC}") = "Labs_53_Reference_value_types", "Labs_53_Reference_value_types\Labs_53_Reference_value_types.csproj", "{470F4FF4-7A1D-46FB-8A4A-E1DB338F20D9}"
EndProject
Project("{FAE04EC0-301F-11D3-BF4B-00C04F79EFBC}") = "Snap_labs_test", "Snap_labs_test\Snap_labs_test.csproj", "{90A0365D-CB94-4879-AE82-DEC349ECAB46}"
EndProject
Project("{FAE04EC0-301F-11D3-BF4B-00C04F79EFBC}") = "Snakes", "Snakes\Snakes.csproj", "{CA0E0B68-EDC4-47DB-BEEA-3F651DBFC542}"
EndProject
Project("{FAE04EC0-301F-11D3-BF4B-00C04F79EFBC}") = "Snakes_and_ladders", "Snakes_and_ladders\Snakes_and_ladders.csproj", "{BEECEE6C-164F-47C4-BBB2-6169C655D735}"
EndProject
Project("{FAE04EC0-301F-11D3-BF4B-00C04F79EFBC}") = "Labs_54_revision", "Labs_54_revision\Labs_54_revision.csproj", "{56DE9FE2-AF01-47F2-9DDF-086CE7422DA5}"
EndProject
Project("{FAE04EC0-301F-11D3-BF4B-00C04F79EFBC}") = "Lab_55_WPF", "Lab_55_WPF\Lab_55_WPF.csproj", "{14F8A7EE-C0F6-4904-901B-835D645FF3AE}"
EndProject
Project("{FAE04EC0-301F-11D3-BF4B-00C04F79EFBC}") = "Labs_55_2dArray", "Labs_55_2dArray\Labs_55_2dArray.csproj", "{701AFA48-CF03-4DC3-95D1-0163D58A3890}"
EndProject
Project("{FAE04EC0-301F-11D3-BF4B-00C04F79EFBC}") = "Labs_54_static_revision", "Labs_54_static_revision\Labs_54_static_revision.csproj", "{AB8A03B1-E091-4D6E-9DA6-9704DA9A5B3F}"
EndProject
Project("{FAE04EC0-301F-11D3-BF4B-00C04F79EFBC}") = "Labs_56_event", "Labs_56_event\Labs_56_event.csproj", "{D9F7A37A-AAD9-41BE-A8F9-A4D2FB4C8D47}"
EndProject
Project("{FAE04EC0-301F-11D3-BF4B-00C04F79EFBC}") = "Homework_30_04_19", "Homework_30_04_19\Homework_30_04_19.csproj", "{F4C990AA-5952-4B33-B30F-3C5EF332D7CD}"
EndProject
Project("{FAE04EC0-301F-11D3-BF4B-00C04F79EFBC}") = "Mini_code_challenege", "Mini_code_challenege\Mini_code_challenege.csproj", "{BF71F3C3-3625-4B42-AF26-55694B6F7D06}"
EndProject
Project("{FAE04EC0-301F-11D3-BF4B-00C04F79EFBC}") = "Mini_code_challenege2", "Mini_code_challenege2\Mini_code_challenege2.csproj", "{B0E12DDE-3FBC-4149-8386-8197F9A1A93F}"
EndProject
Project("{FAE04EC0-301F-11D3-BF4B-00C04F79EFBC}") = "Mini_code_Challenge3", "Mini_code_Challenge3\Mini_code_Challenge3.csproj", "{B93A145A-0D1E-461D-87EA-BFA2400E9442}"
EndProject
Project("{FAE04EC0-301F-11D3-BF4B-00C04F79EFBC}") = "Labs_Homework_Collections", "Labs_Homework_Collections\Labs_Homework_Collections.csproj", "{3A4A2F68-A160-4893-9D60-0225DF3D30B0}"
EndProject
Project("{FAE04EC0-301F-11D3-BF4B-00C04F79EFBC}") = "Labs_57_Revision", "Labs_57_Revision\Labs_57_Revision.csproj", "{65E4B3A3-73F3-4588-8A3A-BB1CB1C16395}"
EndProject
Global
	GlobalSection(SolutionConfigurationPlatforms) = preSolution
		Debug|Any CPU = Debug|Any CPU
		Release|Any CPU = Release|Any CPU
	EndGlobalSection
	GlobalSection(ProjectConfigurationPlatforms) = postSolution
		{2088B11E-7124-431F-8FBC-C2E7B525F1D3}.Debug|Any CPU.ActiveCfg = Debug|Any CPU
		{2088B11E-7124-431F-8FBC-C2E7B525F1D3}.Debug|Any CPU.Build.0 = Debug|Any CPU
		{2088B11E-7124-431F-8FBC-C2E7B525F1D3}.Release|Any CPU.ActiveCfg = Release|Any CPU
		{2088B11E-7124-431F-8FBC-C2E7B525F1D3}.Release|Any CPU.Build.0 = Release|Any CPU
		{E7DD25F5-7C0A-4C04-8CA6-3DE2006E621A}.Debug|Any CPU.ActiveCfg = Debug|Any CPU
		{E7DD25F5-7C0A-4C04-8CA6-3DE2006E621A}.Debug|Any CPU.Build.0 = Debug|Any CPU
		{E7DD25F5-7C0A-4C04-8CA6-3DE2006E621A}.Release|Any CPU.ActiveCfg = Release|Any CPU
		{E7DD25F5-7C0A-4C04-8CA6-3DE2006E621A}.Release|Any CPU.Build.0 = Release|Any CPU
		{BC05BCDE-AF6C-427A-9F69-BD6544B92070}.Debug|Any CPU.ActiveCfg = Debug|Any CPU
		{BC05BCDE-AF6C-427A-9F69-BD6544B92070}.Debug|Any CPU.Build.0 = Debug|Any CPU
		{BC05BCDE-AF6C-427A-9F69-BD6544B92070}.Release|Any CPU.ActiveCfg = Release|Any CPU
		{BC05BCDE-AF6C-427A-9F69-BD6544B92070}.Release|Any CPU.Build.0 = Release|Any CPU
		{383E53BC-0E34-417B-90F2-7D9680937897}.Debug|Any CPU.ActiveCfg = Debug|Any CPU
		{383E53BC-0E34-417B-90F2-7D9680937897}.Debug|Any CPU.Build.0 = Debug|Any CPU
		{383E53BC-0E34-417B-90F2-7D9680937897}.Release|Any CPU.ActiveCfg = Release|Any CPU
		{383E53BC-0E34-417B-90F2-7D9680937897}.Release|Any CPU.Build.0 = Release|Any CPU
		{8A57D15B-10C3-4B99-B847-53A810B23DC0}.Debug|Any CPU.ActiveCfg = Debug|Any CPU
		{8A57D15B-10C3-4B99-B847-53A810B23DC0}.Debug|Any CPU.Build.0 = Debug|Any CPU
		{8A57D15B-10C3-4B99-B847-53A810B23DC0}.Release|Any CPU.ActiveCfg = Release|Any CPU
		{8A57D15B-10C3-4B99-B847-53A810B23DC0}.Release|Any CPU.Build.0 = Release|Any CPU
		{E489DF3D-92C1-49B5-B7BD-F14886D19027}.Debug|Any CPU.ActiveCfg = Debug|Any CPU
		{E489DF3D-92C1-49B5-B7BD-F14886D19027}.Debug|Any CPU.Build.0 = Debug|Any CPU
		{E489DF3D-92C1-49B5-B7BD-F14886D19027}.Release|Any CPU.ActiveCfg = Release|Any CPU
		{E489DF3D-92C1-49B5-B7BD-F14886D19027}.Release|Any CPU.Build.0 = Release|Any CPU
		{C3D008CA-1D7B-4CEA-A7A8-BB3D6BF34E41}.Debug|Any CPU.ActiveCfg = Debug|Any CPU
		{C3D008CA-1D7B-4CEA-A7A8-BB3D6BF34E41}.Debug|Any CPU.Build.0 = Debug|Any CPU
		{C3D008CA-1D7B-4CEA-A7A8-BB3D6BF34E41}.Release|Any CPU.ActiveCfg = Release|Any CPU
		{C3D008CA-1D7B-4CEA-A7A8-BB3D6BF34E41}.Release|Any CPU.Build.0 = Release|Any CPU
		{B9269530-26F3-4A23-9245-CDAB1CE407BE}.Debug|Any CPU.ActiveCfg = Debug|Any CPU
		{B9269530-26F3-4A23-9245-CDAB1CE407BE}.Debug|Any CPU.Build.0 = Debug|Any CPU
		{B9269530-26F3-4A23-9245-CDAB1CE407BE}.Release|Any CPU.ActiveCfg = Release|Any CPU
		{B9269530-26F3-4A23-9245-CDAB1CE407BE}.Release|Any CPU.Build.0 = Release|Any CPU
		{86409F66-9742-41CA-A948-EDBFDE1BE3DB}.Debug|Any CPU.ActiveCfg = Debug|Any CPU
		{86409F66-9742-41CA-A948-EDBFDE1BE3DB}.Debug|Any CPU.Build.0 = Debug|Any CPU
		{86409F66-9742-41CA-A948-EDBFDE1BE3DB}.Release|Any CPU.ActiveCfg = Release|Any CPU
		{86409F66-9742-41CA-A948-EDBFDE1BE3DB}.Release|Any CPU.Build.0 = Release|Any CPU
		{85C5A06D-A77A-4607-9E10-E129D5CAC6A7}.Debug|Any CPU.ActiveCfg = Debug|Any CPU
		{85C5A06D-A77A-4607-9E10-E129D5CAC6A7}.Debug|Any CPU.Build.0 = Debug|Any CPU
		{85C5A06D-A77A-4607-9E10-E129D5CAC6A7}.Release|Any CPU.ActiveCfg = Release|Any CPU
		{85C5A06D-A77A-4607-9E10-E129D5CAC6A7}.Release|Any CPU.Build.0 = Release|Any CPU
		{5FB338C0-2913-4994-9DC8-C84A7E04AA42}.Debug|Any CPU.ActiveCfg = Debug|Any CPU
		{5FB338C0-2913-4994-9DC8-C84A7E04AA42}.Debug|Any CPU.Build.0 = Debug|Any CPU
		{5FB338C0-2913-4994-9DC8-C84A7E04AA42}.Release|Any CPU.ActiveCfg = Release|Any CPU
		{5FB338C0-2913-4994-9DC8-C84A7E04AA42}.Release|Any CPU.Build.0 = Release|Any CPU
		{19040434-C258-4EFA-B0CB-6A05613229CB}.Debug|Any CPU.ActiveCfg = Debug|Any CPU
		{19040434-C258-4EFA-B0CB-6A05613229CB}.Debug|Any CPU.Build.0 = Debug|Any CPU
		{19040434-C258-4EFA-B0CB-6A05613229CB}.Release|Any CPU.ActiveCfg = Release|Any CPU
		{19040434-C258-4EFA-B0CB-6A05613229CB}.Release|Any CPU.Build.0 = Release|Any CPU
		{0732F408-8E8F-4812-B1E2-AF6B8DBBE432}.Debug|Any CPU.ActiveCfg = Debug|Any CPU
		{0732F408-8E8F-4812-B1E2-AF6B8DBBE432}.Debug|Any CPU.Build.0 = Debug|Any CPU
		{0732F408-8E8F-4812-B1E2-AF6B8DBBE432}.Release|Any CPU.ActiveCfg = Release|Any CPU
		{0732F408-8E8F-4812-B1E2-AF6B8DBBE432}.Release|Any CPU.Build.0 = Release|Any CPU
		{0C5FCAF5-9516-409F-8BDE-5BEEDF35A18D}.Debug|Any CPU.ActiveCfg = Debug|Any CPU
		{0C5FCAF5-9516-409F-8BDE-5BEEDF35A18D}.Debug|Any CPU.Build.0 = Debug|Any CPU
		{0C5FCAF5-9516-409F-8BDE-5BEEDF35A18D}.Release|Any CPU.ActiveCfg = Release|Any CPU
		{0C5FCAF5-9516-409F-8BDE-5BEEDF35A18D}.Release|Any CPU.Build.0 = Release|Any CPU
		{8C5999D8-7854-40AE-9F05-3EF8F7051F8E}.Debug|Any CPU.ActiveCfg = Debug|Any CPU
		{8C5999D8-7854-40AE-9F05-3EF8F7051F8E}.Debug|Any CPU.Build.0 = Debug|Any CPU
		{8C5999D8-7854-40AE-9F05-3EF8F7051F8E}.Release|Any CPU.ActiveCfg = Release|Any CPU
		{8C5999D8-7854-40AE-9F05-3EF8F7051F8E}.Release|Any CPU.Build.0 = Release|Any CPU
		{1E25AD39-CE94-41AB-A93C-005DBF43065C}.Debug|Any CPU.ActiveCfg = Debug|Any CPU
		{1E25AD39-CE94-41AB-A93C-005DBF43065C}.Debug|Any CPU.Build.0 = Debug|Any CPU
		{1E25AD39-CE94-41AB-A93C-005DBF43065C}.Release|Any CPU.ActiveCfg = Release|Any CPU
		{1E25AD39-CE94-41AB-A93C-005DBF43065C}.Release|Any CPU.Build.0 = Release|Any CPU
		{7258D032-8100-4AA8-B7ED-DB484391927C}.Debug|Any CPU.ActiveCfg = Debug|Any CPU
		{7258D032-8100-4AA8-B7ED-DB484391927C}.Debug|Any CPU.Build.0 = Debug|Any CPU
		{7258D032-8100-4AA8-B7ED-DB484391927C}.Release|Any CPU.ActiveCfg = Release|Any CPU
		{7258D032-8100-4AA8-B7ED-DB484391927C}.Release|Any CPU.Build.0 = Release|Any CPU
		{077FD80D-4CD9-4AA5-A504-1835DED84CF5}.Debug|Any CPU.ActiveCfg = Debug|Any CPU
		{077FD80D-4CD9-4AA5-A504-1835DED84CF5}.Debug|Any CPU.Build.0 = Debug|Any CPU
		{077FD80D-4CD9-4AA5-A504-1835DED84CF5}.Release|Any CPU.ActiveCfg = Release|Any CPU
		{077FD80D-4CD9-4AA5-A504-1835DED84CF5}.Release|Any CPU.Build.0 = Release|Any CPU
		{0497C018-B59F-4A4C-B887-E51ABBF96925}.Debug|Any CPU.ActiveCfg = Debug|Any CPU
		{0497C018-B59F-4A4C-B887-E51ABBF96925}.Debug|Any CPU.Build.0 = Debug|Any CPU
		{0497C018-B59F-4A4C-B887-E51ABBF96925}.Release|Any CPU.ActiveCfg = Release|Any CPU
		{0497C018-B59F-4A4C-B887-E51ABBF96925}.Release|Any CPU.Build.0 = Release|Any CPU
		{06159A7B-3768-40D2-968F-C6A79DDA649F}.Debug|Any CPU.ActiveCfg = Debug|Any CPU
		{06159A7B-3768-40D2-968F-C6A79DDA649F}.Debug|Any CPU.Build.0 = Debug|Any CPU
		{06159A7B-3768-40D2-968F-C6A79DDA649F}.Release|Any CPU.ActiveCfg = Release|Any CPU
		{06159A7B-3768-40D2-968F-C6A79DDA649F}.Release|Any CPU.Build.0 = Release|Any CPU
		{49437538-AF10-4589-B010-10C36D0BE320}.Debug|Any CPU.ActiveCfg = Debug|Any CPU
		{49437538-AF10-4589-B010-10C36D0BE320}.Debug|Any CPU.Build.0 = Debug|Any CPU
		{49437538-AF10-4589-B010-10C36D0BE320}.Release|Any CPU.ActiveCfg = Release|Any CPU
		{49437538-AF10-4589-B010-10C36D0BE320}.Release|Any CPU.Build.0 = Release|Any CPU
		{E4B35495-0285-434E-BC12-A272729398B0}.Debug|Any CPU.ActiveCfg = Debug|Any CPU
		{E4B35495-0285-434E-BC12-A272729398B0}.Debug|Any CPU.Build.0 = Debug|Any CPU
		{E4B35495-0285-434E-BC12-A272729398B0}.Release|Any CPU.ActiveCfg = Release|Any CPU
		{E4B35495-0285-434E-BC12-A272729398B0}.Release|Any CPU.Build.0 = Release|Any CPU
		{A8E844EC-84EF-4B87-B069-C1E4C8BF0894}.Debug|Any CPU.ActiveCfg = Debug|Any CPU
		{A8E844EC-84EF-4B87-B069-C1E4C8BF0894}.Debug|Any CPU.Build.0 = Debug|Any CPU
		{A8E844EC-84EF-4B87-B069-C1E4C8BF0894}.Release|Any CPU.ActiveCfg = Release|Any CPU
		{A8E844EC-84EF-4B87-B069-C1E4C8BF0894}.Release|Any CPU.Build.0 = Release|Any CPU
		{A07EFFF4-FFE2-4181-9473-156DD2A78370}.Debug|Any CPU.ActiveCfg = Debug|Any CPU
		{A07EFFF4-FFE2-4181-9473-156DD2A78370}.Debug|Any CPU.Build.0 = Debug|Any CPU
		{A07EFFF4-FFE2-4181-9473-156DD2A78370}.Release|Any CPU.ActiveCfg = Release|Any CPU
		{A07EFFF4-FFE2-4181-9473-156DD2A78370}.Release|Any CPU.Build.0 = Release|Any CPU
		{9A6CB623-42A6-4FCE-A663-DC5EF5A2F8EC}.Debug|Any CPU.ActiveCfg = Debug|Any CPU
		{9A6CB623-42A6-4FCE-A663-DC5EF5A2F8EC}.Debug|Any CPU.Build.0 = Debug|Any CPU
		{9A6CB623-42A6-4FCE-A663-DC5EF5A2F8EC}.Release|Any CPU.ActiveCfg = Release|Any CPU
		{9A6CB623-42A6-4FCE-A663-DC5EF5A2F8EC}.Release|Any CPU.Build.0 = Release|Any CPU
		{3B4BA9E2-3106-466E-9AE5-184A1985AAAB}.Debug|Any CPU.ActiveCfg = Debug|Any CPU
		{3B4BA9E2-3106-466E-9AE5-184A1985AAAB}.Debug|Any CPU.Build.0 = Debug|Any CPU
		{3B4BA9E2-3106-466E-9AE5-184A1985AAAB}.Release|Any CPU.ActiveCfg = Release|Any CPU
		{3B4BA9E2-3106-466E-9AE5-184A1985AAAB}.Release|Any CPU.Build.0 = Release|Any CPU
		{E49E01C7-3B11-41DE-9F19-16538D72157D}.Debug|Any CPU.ActiveCfg = Debug|Any CPU
		{E49E01C7-3B11-41DE-9F19-16538D72157D}.Debug|Any CPU.Build.0 = Debug|Any CPU
		{E49E01C7-3B11-41DE-9F19-16538D72157D}.Release|Any CPU.ActiveCfg = Release|Any CPU
		{E49E01C7-3B11-41DE-9F19-16538D72157D}.Release|Any CPU.Build.0 = Release|Any CPU
		{BA6DE547-6F95-4185-8D58-9AABF71F2389}.Debug|Any CPU.ActiveCfg = Debug|Any CPU
		{BA6DE547-6F95-4185-8D58-9AABF71F2389}.Debug|Any CPU.Build.0 = Debug|Any CPU
		{BA6DE547-6F95-4185-8D58-9AABF71F2389}.Release|Any CPU.ActiveCfg = Release|Any CPU
		{BA6DE547-6F95-4185-8D58-9AABF71F2389}.Release|Any CPU.Build.0 = Release|Any CPU
		{5F35127F-49A9-42F1-A858-482EC3C23D27}.Debug|Any CPU.ActiveCfg = Debug|Any CPU
		{5F35127F-49A9-42F1-A858-482EC3C23D27}.Debug|Any CPU.Build.0 = Debug|Any CPU
		{5F35127F-49A9-42F1-A858-482EC3C23D27}.Release|Any CPU.ActiveCfg = Release|Any CPU
		{5F35127F-49A9-42F1-A858-482EC3C23D27}.Release|Any CPU.Build.0 = Release|Any CPU
		{A9BE0E2E-0770-4158-82F4-BA1ACF9A5C50}.Debug|Any CPU.ActiveCfg = Debug|Any CPU
		{A9BE0E2E-0770-4158-82F4-BA1ACF9A5C50}.Debug|Any CPU.Build.0 = Debug|Any CPU
		{A9BE0E2E-0770-4158-82F4-BA1ACF9A5C50}.Release|Any CPU.ActiveCfg = Release|Any CPU
		{A9BE0E2E-0770-4158-82F4-BA1ACF9A5C50}.Release|Any CPU.Build.0 = Release|Any CPU
		{40C0ECDA-10CE-4215-A5E5-E5DA5D9336CD}.Debug|Any CPU.ActiveCfg = Debug|Any CPU
		{40C0ECDA-10CE-4215-A5E5-E5DA5D9336CD}.Debug|Any CPU.Build.0 = Debug|Any CPU
		{40C0ECDA-10CE-4215-A5E5-E5DA5D9336CD}.Release|Any CPU.ActiveCfg = Release|Any CPU
		{40C0ECDA-10CE-4215-A5E5-E5DA5D9336CD}.Release|Any CPU.Build.0 = Release|Any CPU
		{6C0D9FE3-5B35-4F36-96BA-D5E16D830F12}.Debug|Any CPU.ActiveCfg = Debug|Any CPU
		{6C0D9FE3-5B35-4F36-96BA-D5E16D830F12}.Debug|Any CPU.Build.0 = Debug|Any CPU
		{6C0D9FE3-5B35-4F36-96BA-D5E16D830F12}.Release|Any CPU.ActiveCfg = Release|Any CPU
		{6C0D9FE3-5B35-4F36-96BA-D5E16D830F12}.Release|Any CPU.Build.0 = Release|Any CPU
		{6867CF05-F5BF-4710-A674-2A421B85794E}.Debug|Any CPU.ActiveCfg = Debug|Any CPU
		{6867CF05-F5BF-4710-A674-2A421B85794E}.Debug|Any CPU.Build.0 = Debug|Any CPU
		{6867CF05-F5BF-4710-A674-2A421B85794E}.Release|Any CPU.ActiveCfg = Release|Any CPU
		{6867CF05-F5BF-4710-A674-2A421B85794E}.Release|Any CPU.Build.0 = Release|Any CPU
		{EBE6ED05-6D79-450B-86A8-9F08F5892792}.Debug|Any CPU.ActiveCfg = Debug|Any CPU
		{EBE6ED05-6D79-450B-86A8-9F08F5892792}.Debug|Any CPU.Build.0 = Debug|Any CPU
		{EBE6ED05-6D79-450B-86A8-9F08F5892792}.Release|Any CPU.ActiveCfg = Release|Any CPU
		{EBE6ED05-6D79-450B-86A8-9F08F5892792}.Release|Any CPU.Build.0 = Release|Any CPU
		{08855330-735F-46C1-BBB3-C4CFB56633BE}.Debug|Any CPU.ActiveCfg = Debug|Any CPU
		{08855330-735F-46C1-BBB3-C4CFB56633BE}.Debug|Any CPU.Build.0 = Debug|Any CPU
		{08855330-735F-46C1-BBB3-C4CFB56633BE}.Release|Any CPU.ActiveCfg = Release|Any CPU
		{08855330-735F-46C1-BBB3-C4CFB56633BE}.Release|Any CPU.Build.0 = Release|Any CPU
		{ED49E9AB-1910-4C85-A5C8-0688F3CB2352}.Debug|Any CPU.ActiveCfg = Debug|Any CPU
		{ED49E9AB-1910-4C85-A5C8-0688F3CB2352}.Debug|Any CPU.Build.0 = Debug|Any CPU
		{ED49E9AB-1910-4C85-A5C8-0688F3CB2352}.Release|Any CPU.ActiveCfg = Release|Any CPU
		{ED49E9AB-1910-4C85-A5C8-0688F3CB2352}.Release|Any CPU.Build.0 = Release|Any CPU
		{1CAA8C62-D9ED-4A97-91A8-9C5E1097CF3B}.Debug|Any CPU.ActiveCfg = Debug|Any CPU
		{1CAA8C62-D9ED-4A97-91A8-9C5E1097CF3B}.Debug|Any CPU.Build.0 = Debug|Any CPU
		{1CAA8C62-D9ED-4A97-91A8-9C5E1097CF3B}.Release|Any CPU.ActiveCfg = Release|Any CPU
		{1CAA8C62-D9ED-4A97-91A8-9C5E1097CF3B}.Release|Any CPU.Build.0 = Release|Any CPU
		{FB39077A-2A75-43AC-BEC4-1DEEC53EE3C3}.Debug|Any CPU.ActiveCfg = Debug|Any CPU
		{FB39077A-2A75-43AC-BEC4-1DEEC53EE3C3}.Debug|Any CPU.Build.0 = Debug|Any CPU
		{FB39077A-2A75-43AC-BEC4-1DEEC53EE3C3}.Release|Any CPU.ActiveCfg = Release|Any CPU
		{FB39077A-2A75-43AC-BEC4-1DEEC53EE3C3}.Release|Any CPU.Build.0 = Release|Any CPU
		{6EFC9B94-228C-4C1F-B2F1-8347ECE138F0}.Debug|Any CPU.ActiveCfg = Debug|Any CPU
		{6EFC9B94-228C-4C1F-B2F1-8347ECE138F0}.Debug|Any CPU.Build.0 = Debug|Any CPU
		{6EFC9B94-228C-4C1F-B2F1-8347ECE138F0}.Release|Any CPU.ActiveCfg = Release|Any CPU
		{6EFC9B94-228C-4C1F-B2F1-8347ECE138F0}.Release|Any CPU.Build.0 = Release|Any CPU
		{FF0B9414-2F77-4AC0-B621-AC19E264163A}.Debug|Any CPU.ActiveCfg = Debug|Any CPU
		{FF0B9414-2F77-4AC0-B621-AC19E264163A}.Debug|Any CPU.Build.0 = Debug|Any CPU
		{FF0B9414-2F77-4AC0-B621-AC19E264163A}.Release|Any CPU.ActiveCfg = Release|Any CPU
		{FF0B9414-2F77-4AC0-B621-AC19E264163A}.Release|Any CPU.Build.0 = Release|Any CPU
		{FC502FC2-04BC-4FC3-9AFD-E6FECEB9CC85}.Debug|Any CPU.ActiveCfg = Debug|Any CPU
		{FC502FC2-04BC-4FC3-9AFD-E6FECEB9CC85}.Debug|Any CPU.Build.0 = Debug|Any CPU
		{FC502FC2-04BC-4FC3-9AFD-E6FECEB9CC85}.Release|Any CPU.ActiveCfg = Release|Any CPU
		{FC502FC2-04BC-4FC3-9AFD-E6FECEB9CC85}.Release|Any CPU.Build.0 = Release|Any CPU
		{F84919A2-75F5-4181-9273-7715C7EE028C}.Debug|Any CPU.ActiveCfg = Debug|Any CPU
		{F84919A2-75F5-4181-9273-7715C7EE028C}.Debug|Any CPU.Build.0 = Debug|Any CPU
		{F84919A2-75F5-4181-9273-7715C7EE028C}.Release|Any CPU.ActiveCfg = Release|Any CPU
		{F84919A2-75F5-4181-9273-7715C7EE028C}.Release|Any CPU.Build.0 = Release|Any CPU
		{7582D0A2-E71B-4D88-AB5D-ED95CC89C7C7}.Debug|Any CPU.ActiveCfg = Debug|Any CPU
		{7582D0A2-E71B-4D88-AB5D-ED95CC89C7C7}.Debug|Any CPU.Build.0 = Debug|Any CPU
		{7582D0A2-E71B-4D88-AB5D-ED95CC89C7C7}.Release|Any CPU.ActiveCfg = Release|Any CPU
		{7582D0A2-E71B-4D88-AB5D-ED95CC89C7C7}.Release|Any CPU.Build.0 = Release|Any CPU
		{AFA28FA0-B75D-464B-93CE-10974D841423}.Debug|Any CPU.ActiveCfg = Debug|Any CPU
		{AFA28FA0-B75D-464B-93CE-10974D841423}.Debug|Any CPU.Build.0 = Debug|Any CPU
		{AFA28FA0-B75D-464B-93CE-10974D841423}.Release|Any CPU.ActiveCfg = Release|Any CPU
		{AFA28FA0-B75D-464B-93CE-10974D841423}.Release|Any CPU.Build.0 = Release|Any CPU
		{F099B32A-5B81-4514-9006-6FF7CDC43628}.Debug|Any CPU.ActiveCfg = Debug|Any CPU
		{F099B32A-5B81-4514-9006-6FF7CDC43628}.Debug|Any CPU.Build.0 = Debug|Any CPU
		{F099B32A-5B81-4514-9006-6FF7CDC43628}.Release|Any CPU.ActiveCfg = Release|Any CPU
		{F099B32A-5B81-4514-9006-6FF7CDC43628}.Release|Any CPU.Build.0 = Release|Any CPU
		{DABABBFD-41D4-4936-A670-F7F7407D9648}.Debug|Any CPU.ActiveCfg = Debug|Any CPU
		{DABABBFD-41D4-4936-A670-F7F7407D9648}.Debug|Any CPU.Build.0 = Debug|Any CPU
		{DABABBFD-41D4-4936-A670-F7F7407D9648}.Release|Any CPU.ActiveCfg = Release|Any CPU
		{DABABBFD-41D4-4936-A670-F7F7407D9648}.Release|Any CPU.Build.0 = Release|Any CPU
		{8DE6200F-0796-409F-A2E5-B86572557709}.Debug|Any CPU.ActiveCfg = Debug|Any CPU
		{8DE6200F-0796-409F-A2E5-B86572557709}.Debug|Any CPU.Build.0 = Debug|Any CPU
		{8DE6200F-0796-409F-A2E5-B86572557709}.Release|Any CPU.ActiveCfg = Release|Any CPU
		{8DE6200F-0796-409F-A2E5-B86572557709}.Release|Any CPU.Build.0 = Release|Any CPU
		{1AE43716-ED14-41CC-A1BB-FA0D4832B8D6}.Debug|Any CPU.ActiveCfg = Debug|Any CPU
		{1AE43716-ED14-41CC-A1BB-FA0D4832B8D6}.Debug|Any CPU.Build.0 = Debug|Any CPU
		{1AE43716-ED14-41CC-A1BB-FA0D4832B8D6}.Release|Any CPU.ActiveCfg = Release|Any CPU
		{1AE43716-ED14-41CC-A1BB-FA0D4832B8D6}.Release|Any CPU.Build.0 = Release|Any CPU
		{BDAEFD21-44B8-4FB4-ABC3-E132366AC6BC}.Debug|Any CPU.ActiveCfg = Debug|Any CPU
		{BDAEFD21-44B8-4FB4-ABC3-E132366AC6BC}.Debug|Any CPU.Build.0 = Debug|Any CPU
		{BDAEFD21-44B8-4FB4-ABC3-E132366AC6BC}.Release|Any CPU.ActiveCfg = Release|Any CPU
		{BDAEFD21-44B8-4FB4-ABC3-E132366AC6BC}.Release|Any CPU.Build.0 = Release|Any CPU
		{F540CDF4-6038-4202-B4AE-D8388FC9193F}.Debug|Any CPU.ActiveCfg = Debug|Any CPU
		{F540CDF4-6038-4202-B4AE-D8388FC9193F}.Debug|Any CPU.Build.0 = Debug|Any CPU
		{F540CDF4-6038-4202-B4AE-D8388FC9193F}.Release|Any CPU.ActiveCfg = Release|Any CPU
		{F540CDF4-6038-4202-B4AE-D8388FC9193F}.Release|Any CPU.Build.0 = Release|Any CPU
		{33B3CABB-CCD3-4677-BE02-EAD0527986DB}.Debug|Any CPU.ActiveCfg = Debug|Any CPU
		{33B3CABB-CCD3-4677-BE02-EAD0527986DB}.Debug|Any CPU.Build.0 = Debug|Any CPU
		{33B3CABB-CCD3-4677-BE02-EAD0527986DB}.Release|Any CPU.ActiveCfg = Release|Any CPU
		{33B3CABB-CCD3-4677-BE02-EAD0527986DB}.Release|Any CPU.Build.0 = Release|Any CPU
		{48D486EA-1374-4019-A60D-8F4575281F08}.Debug|Any CPU.ActiveCfg = Debug|Any CPU
		{48D486EA-1374-4019-A60D-8F4575281F08}.Debug|Any CPU.Build.0 = Debug|Any CPU
		{48D486EA-1374-4019-A60D-8F4575281F08}.Release|Any CPU.ActiveCfg = Release|Any CPU
		{48D486EA-1374-4019-A60D-8F4575281F08}.Release|Any CPU.Build.0 = Release|Any CPU
		{470F4FF4-7A1D-46FB-8A4A-E1DB338F20D9}.Debug|Any CPU.ActiveCfg = Debug|Any CPU
		{470F4FF4-7A1D-46FB-8A4A-E1DB338F20D9}.Debug|Any CPU.Build.0 = Debug|Any CPU
		{470F4FF4-7A1D-46FB-8A4A-E1DB338F20D9}.Release|Any CPU.ActiveCfg = Release|Any CPU
		{470F4FF4-7A1D-46FB-8A4A-E1DB338F20D9}.Release|Any CPU.Build.0 = Release|Any CPU
		{90A0365D-CB94-4879-AE82-DEC349ECAB46}.Debug|Any CPU.ActiveCfg = Debug|Any CPU
		{90A0365D-CB94-4879-AE82-DEC349ECAB46}.Debug|Any CPU.Build.0 = Debug|Any CPU
		{90A0365D-CB94-4879-AE82-DEC349ECAB46}.Release|Any CPU.ActiveCfg = Release|Any CPU
		{90A0365D-CB94-4879-AE82-DEC349ECAB46}.Release|Any CPU.Build.0 = Release|Any CPU
		{CA0E0B68-EDC4-47DB-BEEA-3F651DBFC542}.Debug|Any CPU.ActiveCfg = Debug|Any CPU
		{CA0E0B68-EDC4-47DB-BEEA-3F651DBFC542}.Debug|Any CPU.Build.0 = Debug|Any CPU
		{CA0E0B68-EDC4-47DB-BEEA-3F651DBFC542}.Release|Any CPU.ActiveCfg = Release|Any CPU
		{CA0E0B68-EDC4-47DB-BEEA-3F651DBFC542}.Release|Any CPU.Build.0 = Release|Any CPU
		{BEECEE6C-164F-47C4-BBB2-6169C655D735}.Debug|Any CPU.ActiveCfg = Debug|Any CPU
		{BEECEE6C-164F-47C4-BBB2-6169C655D735}.Debug|Any CPU.Build.0 = Debug|Any CPU
		{BEECEE6C-164F-47C4-BBB2-6169C655D735}.Release|Any CPU.ActiveCfg = Release|Any CPU
		{BEECEE6C-164F-47C4-BBB2-6169C655D735}.Release|Any CPU.Build.0 = Release|Any CPU
		{56DE9FE2-AF01-47F2-9DDF-086CE7422DA5}.Debug|Any CPU.ActiveCfg = Debug|Any CPU
		{56DE9FE2-AF01-47F2-9DDF-086CE7422DA5}.Debug|Any CPU.Build.0 = Debug|Any CPU
		{56DE9FE2-AF01-47F2-9DDF-086CE7422DA5}.Release|Any CPU.ActiveCfg = Release|Any CPU
		{56DE9FE2-AF01-47F2-9DDF-086CE7422DA5}.Release|Any CPU.Build.0 = Release|Any CPU
		{14F8A7EE-C0F6-4904-901B-835D645FF3AE}.Debug|Any CPU.ActiveCfg = Debug|Any CPU
		{14F8A7EE-C0F6-4904-901B-835D645FF3AE}.Debug|Any CPU.Build.0 = Debug|Any CPU
		{14F8A7EE-C0F6-4904-901B-835D645FF3AE}.Release|Any CPU.ActiveCfg = Release|Any CPU
		{14F8A7EE-C0F6-4904-901B-835D645FF3AE}.Release|Any CPU.Build.0 = Release|Any CPU
		{701AFA48-CF03-4DC3-95D1-0163D58A3890}.Debug|Any CPU.ActiveCfg = Debug|Any CPU
		{701AFA48-CF03-4DC3-95D1-0163D58A3890}.Debug|Any CPU.Build.0 = Debug|Any CPU
		{701AFA48-CF03-4DC3-95D1-0163D58A3890}.Release|Any CPU.ActiveCfg = Release|Any CPU
		{701AFA48-CF03-4DC3-95D1-0163D58A3890}.Release|Any CPU.Build.0 = Release|Any CPU
		{AB8A03B1-E091-4D6E-9DA6-9704DA9A5B3F}.Debug|Any CPU.ActiveCfg = Debug|Any CPU
		{AB8A03B1-E091-4D6E-9DA6-9704DA9A5B3F}.Debug|Any CPU.Build.0 = Debug|Any CPU
		{AB8A03B1-E091-4D6E-9DA6-9704DA9A5B3F}.Release|Any CPU.ActiveCfg = Release|Any CPU
		{AB8A03B1-E091-4D6E-9DA6-9704DA9A5B3F}.Release|Any CPU.Build.0 = Release|Any CPU
		{D9F7A37A-AAD9-41BE-A8F9-A4D2FB4C8D47}.Debug|Any CPU.ActiveCfg = Debug|Any CPU
		{D9F7A37A-AAD9-41BE-A8F9-A4D2FB4C8D47}.Debug|Any CPU.Build.0 = Debug|Any CPU
		{D9F7A37A-AAD9-41BE-A8F9-A4D2FB4C8D47}.Release|Any CPU.ActiveCfg = Release|Any CPU
		{D9F7A37A-AAD9-41BE-A8F9-A4D2FB4C8D47}.Release|Any CPU.Build.0 = Release|Any CPU
		{F4C990AA-5952-4B33-B30F-3C5EF332D7CD}.Debug|Any CPU.ActiveCfg = Debug|Any CPU
		{F4C990AA-5952-4B33-B30F-3C5EF332D7CD}.Debug|Any CPU.Build.0 = Debug|Any CPU
		{F4C990AA-5952-4B33-B30F-3C5EF332D7CD}.Release|Any CPU.ActiveCfg = Release|Any CPU
		{F4C990AA-5952-4B33-B30F-3C5EF332D7CD}.Release|Any CPU.Build.0 = Release|Any CPU
		{BF71F3C3-3625-4B42-AF26-55694B6F7D06}.Debug|Any CPU.ActiveCfg = Debug|Any CPU
		{BF71F3C3-3625-4B42-AF26-55694B6F7D06}.Debug|Any CPU.Build.0 = Debug|Any CPU
		{BF71F3C3-3625-4B42-AF26-55694B6F7D06}.Release|Any CPU.ActiveCfg = Release|Any CPU
		{BF71F3C3-3625-4B42-AF26-55694B6F7D06}.Release|Any CPU.Build.0 = Release|Any CPU
		{B0E12DDE-3FBC-4149-8386-8197F9A1A93F}.Debug|Any CPU.ActiveCfg = Debug|Any CPU
		{B0E12DDE-3FBC-4149-8386-8197F9A1A93F}.Debug|Any CPU.Build.0 = Debug|Any CPU
		{B0E12DDE-3FBC-4149-8386-8197F9A1A93F}.Release|Any CPU.ActiveCfg = Release|Any CPU
		{B0E12DDE-3FBC-4149-8386-8197F9A1A93F}.Release|Any CPU.Build.0 = Release|Any CPU
		{B93A145A-0D1E-461D-87EA-BFA2400E9442}.Debug|Any CPU.ActiveCfg = Debug|Any CPU
		{B93A145A-0D1E-461D-87EA-BFA2400E9442}.Debug|Any CPU.Build.0 = Debug|Any CPU
		{B93A145A-0D1E-461D-87EA-BFA2400E9442}.Release|Any CPU.ActiveCfg = Release|Any CPU
		{B93A145A-0D1E-461D-87EA-BFA2400E9442}.Release|Any CPU.Build.0 = Release|Any CPU
		{3A4A2F68-A160-4893-9D60-0225DF3D30B0}.Debug|Any CPU.ActiveCfg = Debug|Any CPU
		{3A4A2F68-A160-4893-9D60-0225DF3D30B0}.Debug|Any CPU.Build.0 = Debug|Any CPU
		{3A4A2F68-A160-4893-9D60-0225DF3D30B0}.Release|Any CPU.ActiveCfg = Release|Any CPU
		{3A4A2F68-A160-4893-9D60-0225DF3D30B0}.Release|Any CPU.Build.0 = Release|Any CPU
		{65E4B3A3-73F3-4588-8A3A-BB1CB1C16395}.Debug|Any CPU.ActiveCfg = Debug|Any CPU
		{65E4B3A3-73F3-4588-8A3A-BB1CB1C16395}.Debug|Any CPU.Build.0 = Debug|Any CPU
		{65E4B3A3-73F3-4588-8A3A-BB1CB1C16395}.Release|Any CPU.ActiveCfg = Release|Any CPU
		{65E4B3A3-73F3-4588-8A3A-BB1CB1C16395}.Release|Any CPU.Build.0 = Release|Any CPU
	EndGlobalSection
	GlobalSection(SolutionProperties) = preSolution
		HideSolutionNode = FALSE
	EndGlobalSection
	GlobalSection(ExtensibilityGlobals) = postSolution
		SolutionGuid = {9088C5CF-FDC7-4115-9599-7530B87F50DD}
	EndGlobalSection
EndGlobal
